// !$*UTF8*$!
{
	archiveVersion = 1;
	classes = {
	};
	objectVersion = 56;
	objects = {

/* Begin PBXBuildFile section */
		600887BA2993BD84003C5CDD /* AppDelegate.swift in Sources */ = {isa = PBXBuildFile; fileRef = 600887B92993BD84003C5CDD /* AppDelegate.swift */; };
		600887BC2993BD84003C5CDD /* SceneDelegate.swift in Sources */ = {isa = PBXBuildFile; fileRef = 600887BB2993BD84003C5CDD /* SceneDelegate.swift */; };
		600887C32993BD87003C5CDD /* Assets.xcassets in Resources */ = {isa = PBXBuildFile; fileRef = 600887C22993BD87003C5CDD /* Assets.xcassets */; };
		600887C62993BD87003C5CDD /* LaunchScreen.storyboard in Resources */ = {isa = PBXBuildFile; fileRef = 600887C42993BD87003C5CDD /* LaunchScreen.storyboard */; };
		600887D32993CB7D003C5CDD /* HomeScenePresenter.swift in Sources */ = {isa = PBXBuildFile; fileRef = 600887CD2993CB7D003C5CDD /* HomeScenePresenter.swift */; };
		600887D42993CB7D003C5CDD /* HomeSceneWorker.swift in Sources */ = {isa = PBXBuildFile; fileRef = 600887CE2993CB7D003C5CDD /* HomeSceneWorker.swift */; };
		600887D52993CB7D003C5CDD /* HomeSceneRouter.swift in Sources */ = {isa = PBXBuildFile; fileRef = 600887CF2993CB7D003C5CDD /* HomeSceneRouter.swift */; };
		600887D62993CB7D003C5CDD /* HomeSceneModels.swift in Sources */ = {isa = PBXBuildFile; fileRef = 600887D02993CB7D003C5CDD /* HomeSceneModels.swift */; };
		600887D72993CB7D003C5CDD /* HomeSceneViewController.swift in Sources */ = {isa = PBXBuildFile; fileRef = 600887D12993CB7D003C5CDD /* HomeSceneViewController.swift */; };
		600887D82993CB7D003C5CDD /* HomeSceneInteractor.swift in Sources */ = {isa = PBXBuildFile; fileRef = 600887D22993CB7D003C5CDD /* HomeSceneInteractor.swift */; };
		600887DB2993CCB4003C5CDD /* HomeSceneConfiguration.swift in Sources */ = {isa = PBXBuildFile; fileRef = 600887DA2993CCB4003C5CDD /* HomeSceneConfiguration.swift */; };
		600887DD2993CCED003C5CDD /* APIManager.swift in Sources */ = {isa = PBXBuildFile; fileRef = 600887DC2993CCED003C5CDD /* APIManager.swift */; };
		600887E02993CD2F003C5CDD /* APIError.swift in Sources */ = {isa = PBXBuildFile; fileRef = 600887DF2993CD2F003C5CDD /* APIError.swift */; };
		600887E22993D16B003C5CDD /* APIUrl.swift in Sources */ = {isa = PBXBuildFile; fileRef = 600887E12993D16B003C5CDD /* APIUrl.swift */; };
		600887E52993D2FE003C5CDD /* Model.swift in Sources */ = {isa = PBXBuildFile; fileRef = 600887E42993D2FE003C5CDD /* Model.swift */; };
		600887F5299501B2003C5CDD /* TableViewExtensions.swift in Sources */ = {isa = PBXBuildFile; fileRef = 600887F4299501B2003C5CDD /* TableViewExtensions.swift */; };
		600887F7299501D8003C5CDD /* ConstraintsExtensions.swift in Sources */ = {isa = PBXBuildFile; fileRef = 600887F6299501D8003C5CDD /* ConstraintsExtensions.swift */; };
		600887F92995031A003C5CDD /* HomeTableViewCell.swift in Sources */ = {isa = PBXBuildFile; fileRef = 600887F82995031A003C5CDD /* HomeTableViewCell.swift */; };
		600887FB299507FE003C5CDD /* ImageViewExtensions.swift in Sources */ = {isa = PBXBuildFile; fileRef = 600887FA299507FE003C5CDD /* ImageViewExtensions.swift */; };
		604A78FC2995457E006E3053 /* SkeletonView in Frameworks */ = {isa = PBXBuildFile; productRef = 604A78FB2995457E006E3053 /* SkeletonView */; };
		604A78FE2997C5D7006E3053 /* LabelExtensions.swift in Sources */ = {isa = PBXBuildFile; fileRef = 604A78FD2997C5D7006E3053 /* LabelExtensions.swift */; };
/* End PBXBuildFile section */

/* Begin PBXFileReference section */
		600887B62993BD84003C5CDD /* Trending.app */ = {isa = PBXFileReference; explicitFileType = wrapper.application; includeInIndex = 0; path = Trending.app; sourceTree = BUILT_PRODUCTS_DIR; };
		600887B92993BD84003C5CDD /* AppDelegate.swift */ = {isa = PBXFileReference; lastKnownFileType = sourcecode.swift; path = AppDelegate.swift; sourceTree = "<group>"; };
		600887BB2993BD84003C5CDD /* SceneDelegate.swift */ = {isa = PBXFileReference; lastKnownFileType = sourcecode.swift; path = SceneDelegate.swift; sourceTree = "<group>"; };
		600887C22993BD87003C5CDD /* Assets.xcassets */ = {isa = PBXFileReference; lastKnownFileType = folder.assetcatalog; path = Assets.xcassets; sourceTree = "<group>"; };
		600887C52993BD87003C5CDD /* Base */ = {isa = PBXFileReference; lastKnownFileType = file.storyboard; name = Base; path = Base.lproj/LaunchScreen.storyboard; sourceTree = "<group>"; };
		600887C72993BD87003C5CDD /* Info.plist */ = {isa = PBXFileReference; lastKnownFileType = text.plist.xml; path = Info.plist; sourceTree = "<group>"; };
		600887CD2993CB7D003C5CDD /* HomeScenePresenter.swift */ = {isa = PBXFileReference; lastKnownFileType = sourcecode.swift; path = HomeScenePresenter.swift; sourceTree = "<group>"; };
		600887CE2993CB7D003C5CDD /* HomeSceneWorker.swift */ = {isa = PBXFileReference; lastKnownFileType = sourcecode.swift; path = HomeSceneWorker.swift; sourceTree = "<group>"; };
		600887CF2993CB7D003C5CDD /* HomeSceneRouter.swift */ = {isa = PBXFileReference; lastKnownFileType = sourcecode.swift; path = HomeSceneRouter.swift; sourceTree = "<group>"; };
		600887D02993CB7D003C5CDD /* HomeSceneModels.swift */ = {isa = PBXFileReference; lastKnownFileType = sourcecode.swift; path = HomeSceneModels.swift; sourceTree = "<group>"; };
		600887D12993CB7D003C5CDD /* HomeSceneViewController.swift */ = {isa = PBXFileReference; lastKnownFileType = sourcecode.swift; path = HomeSceneViewController.swift; sourceTree = "<group>"; };
		600887D22993CB7D003C5CDD /* HomeSceneInteractor.swift */ = {isa = PBXFileReference; lastKnownFileType = sourcecode.swift; path = HomeSceneInteractor.swift; sourceTree = "<group>"; };
		600887DA2993CCB4003C5CDD /* HomeSceneConfiguration.swift */ = {isa = PBXFileReference; lastKnownFileType = sourcecode.swift; path = HomeSceneConfiguration.swift; sourceTree = "<group>"; };
		600887DC2993CCED003C5CDD /* APIManager.swift */ = {isa = PBXFileReference; lastKnownFileType = sourcecode.swift; path = APIManager.swift; sourceTree = "<group>"; };
		600887DF2993CD2F003C5CDD /* APIError.swift */ = {isa = PBXFileReference; lastKnownFileType = sourcecode.swift; path = APIError.swift; sourceTree = "<group>"; };
		600887E12993D16B003C5CDD /* APIUrl.swift */ = {isa = PBXFileReference; lastKnownFileType = sourcecode.swift; path = APIUrl.swift; sourceTree = "<group>"; };
		600887E42993D2FE003C5CDD /* Model.swift */ = {isa = PBXFileReference; lastKnownFileType = sourcecode.swift; path = Model.swift; sourceTree = "<group>"; };
		600887F4299501B2003C5CDD /* TableViewExtensions.swift */ = {isa = PBXFileReference; lastKnownFileType = sourcecode.swift; path = TableViewExtensions.swift; sourceTree = "<group>"; };
		600887F6299501D8003C5CDD /* ConstraintsExtensions.swift */ = {isa = PBXFileReference; lastKnownFileType = sourcecode.swift; path = ConstraintsExtensions.swift; sourceTree = "<group>"; };
		600887F82995031A003C5CDD /* HomeTableViewCell.swift */ = {isa = PBXFileReference; lastKnownFileType = sourcecode.swift; path = HomeTableViewCell.swift; sourceTree = "<group>"; };
		600887FA299507FE003C5CDD /* ImageViewExtensions.swift */ = {isa = PBXFileReference; lastKnownFileType = sourcecode.swift; path = ImageViewExtensions.swift; sourceTree = "<group>"; };
		604A78FD2997C5D7006E3053 /* LabelExtensions.swift */ = {isa = PBXFileReference; lastKnownFileType = sourcecode.swift; path = LabelExtensions.swift; sourceTree = "<group>"; };
/* End PBXFileReference section */

/* Begin PBXFrameworksBuildPhase section */
		600887B32993BD84003C5CDD /* Frameworks */ = {
			isa = PBXFrameworksBuildPhase;
			buildActionMask = 2147483647;
			files = (
				604A78FC2995457E006E3053 /* SkeletonView in Frameworks */,
			);
			runOnlyForDeploymentPostprocessing = 0;
		};
/* End PBXFrameworksBuildPhase section */

/* Begin PBXGroup section */
		600887AD2993BD84003C5CDD = {
			isa = PBXGroup;
			children = (
				600887B82993BD84003C5CDD /* Trending */,
				600887B72993BD84003C5CDD /* Products */,
			);
			sourceTree = "<group>";
		};
		600887B72993BD84003C5CDD /* Products */ = {
			isa = PBXGroup;
			children = (
				600887B62993BD84003C5CDD /* Trending.app */,
			);
			name = Products;
			sourceTree = "<group>";
		};
		600887B82993BD84003C5CDD /* Trending */ = {
			isa = PBXGroup;
			children = (
				600887B92993BD84003C5CDD /* AppDelegate.swift */,
				600887BB2993BD84003C5CDD /* SceneDelegate.swift */,
				600887F329950190003C5CDD /* Utilities */,
				600887DE2993CD18003C5CDD /* API */,
				600887D92993CBA4003C5CDD /* HomeScene */,
				600887C22993BD87003C5CDD /* Assets.xcassets */,
				600887C42993BD87003C5CDD /* LaunchScreen.storyboard */,
				600887C72993BD87003C5CDD /* Info.plist */,
			);
			path = Trending;
			sourceTree = "<group>";
		};
		600887D92993CBA4003C5CDD /* HomeScene */ = {
			isa = PBXGroup;
			children = (
				600887F22995010C003C5CDD /* TableViewCell */,
				600887E32993D2EA003C5CDD /* Model */,
				600887DA2993CCB4003C5CDD /* HomeSceneConfiguration.swift */,
				600887D12993CB7D003C5CDD /* HomeSceneViewController.swift */,
				600887CD2993CB7D003C5CDD /* HomeScenePresenter.swift */,
				600887D22993CB7D003C5CDD /* HomeSceneInteractor.swift */,
				600887CE2993CB7D003C5CDD /* HomeSceneWorker.swift */,
				600887CF2993CB7D003C5CDD /* HomeSceneRouter.swift */,
				600887D02993CB7D003C5CDD /* HomeSceneModels.swift */,
			);
			path = HomeScene;
			sourceTree = "<group>";
		};
		600887DE2993CD18003C5CDD /* API */ = {
			isa = PBXGroup;
			children = (
				600887DC2993CCED003C5CDD /* APIManager.swift */,
				600887DF2993CD2F003C5CDD /* APIError.swift */,
				600887E12993D16B003C5CDD /* APIUrl.swift */,
			);
			path = API;
			sourceTree = "<group>";
		};
		600887E32993D2EA003C5CDD /* Model */ = {
			isa = PBXGroup;
			children = (
				600887E42993D2FE003C5CDD /* Model.swift */,
			);
			path = Model;
			sourceTree = "<group>";
		};
		600887F22995010C003C5CDD /* TableViewCell */ = {
			isa = PBXGroup;
			children = (
				600887F82995031A003C5CDD /* HomeTableViewCell.swift */,
			);
			path = TableViewCell;
			sourceTree = "<group>";
		};
		600887F329950190003C5CDD /* Utilities */ = {
			isa = PBXGroup;
			children = (
				600887F4299501B2003C5CDD /* TableViewExtensions.swift */,
				600887F6299501D8003C5CDD /* ConstraintsExtensions.swift */,
				600887FA299507FE003C5CDD /* ImageViewExtensions.swift */,
				604A78FD2997C5D7006E3053 /* LabelExtensions.swift */,
			);
			path = Utilities;
			sourceTree = "<group>";
		};
/* End PBXGroup section */

/* Begin PBXNativeTarget section */
		600887B52993BD84003C5CDD /* Trending */ = {
			isa = PBXNativeTarget;
			buildConfigurationList = 600887CA2993BD87003C5CDD /* Build configuration list for PBXNativeTarget "Trending" */;
			buildPhases = (
				600887B22993BD84003C5CDD /* Sources */,
				600887B32993BD84003C5CDD /* Frameworks */,
				600887B42993BD84003C5CDD /* Resources */,
			);
			buildRules = (
			);
			dependencies = (
			);
			name = Trending;
			packageProductDependencies = (
				604A78FB2995457E006E3053 /* SkeletonView */,
			);
			productName = Trending;
			productReference = 600887B62993BD84003C5CDD /* Trending.app */;
			productType = "com.apple.product-type.application";
		};
/* End PBXNativeTarget section */

/* Begin PBXProject section */
		600887AE2993BD84003C5CDD /* Project object */ = {
			isa = PBXProject;
			attributes = {
				BuildIndependentTargetsInParallel = 1;
				LastSwiftUpdateCheck = 1420;
				LastUpgradeCheck = 1420;
				TargetAttributes = {
					600887B52993BD84003C5CDD = {
						CreatedOnToolsVersion = 14.2;
					};
				};
			};
			buildConfigurationList = 600887B12993BD84003C5CDD /* Build configuration list for PBXProject "Trending" */;
			compatibilityVersion = "Xcode 14.0";
			developmentRegion = en;
			hasScannedForEncodings = 0;
			knownRegions = (
				en,
				Base,
			);
			mainGroup = 600887AD2993BD84003C5CDD;
			packageReferences = (
				604A78FA2995457E006E3053 /* XCRemoteSwiftPackageReference "SkeletonView" */,
			);
			productRefGroup = 600887B72993BD84003C5CDD /* Products */;
			projectDirPath = "";
			projectRoot = "";
			targets = (
				600887B52993BD84003C5CDD /* Trending */,
			);
		};
/* End PBXProject section */

/* Begin PBXResourcesBuildPhase section */
		600887B42993BD84003C5CDD /* Resources */ = {
			isa = PBXResourcesBuildPhase;
			buildActionMask = 2147483647;
			files = (
				600887C62993BD87003C5CDD /* LaunchScreen.storyboard in Resources */,
				600887C32993BD87003C5CDD /* Assets.xcassets in Resources */,
			);
			runOnlyForDeploymentPostprocessing = 0;
		};
/* End PBXResourcesBuildPhase section */

/* Begin PBXSourcesBuildPhase section */
		600887B22993BD84003C5CDD /* Sources */ = {
			isa = PBXSourcesBuildPhase;
			buildActionMask = 2147483647;
			files = (
				600887DB2993CCB4003C5CDD /* HomeSceneConfiguration.swift in Sources */,
				600887D52993CB7D003C5CDD /* HomeSceneRouter.swift in Sources */,
				600887DD2993CCED003C5CDD /* APIManager.swift in Sources */,
				600887E02993CD2F003C5CDD /* APIError.swift in Sources */,
				600887D82993CB7D003C5CDD /* HomeSceneInteractor.swift in Sources */,
				600887D62993CB7D003C5CDD /* HomeSceneModels.swift in Sources */,
				600887E52993D2FE003C5CDD /* Model.swift in Sources */,
				600887F7299501D8003C5CDD /* ConstraintsExtensions.swift in Sources */,
				604A78FE2997C5D7006E3053 /* LabelExtensions.swift in Sources */,
				600887BA2993BD84003C5CDD /* AppDelegate.swift in Sources */,
				600887FB299507FE003C5CDD /* ImageViewExtensions.swift in Sources */,
				600887D32993CB7D003C5CDD /* HomeScenePresenter.swift in Sources */,
				600887E22993D16B003C5CDD /* APIUrl.swift in Sources */,
				600887BC2993BD84003C5CDD /* SceneDelegate.swift in Sources */,
				600887F5299501B2003C5CDD /* TableViewExtensions.swift in Sources */,
				600887D72993CB7D003C5CDD /* HomeSceneViewController.swift in Sources */,
				600887F92995031A003C5CDD /* HomeTableViewCell.swift in Sources */,
				600887D42993CB7D003C5CDD /* HomeSceneWorker.swift in Sources */,
			);
			runOnlyForDeploymentPostprocessing = 0;
		};
/* End PBXSourcesBuildPhase section */

/* Begin PBXVariantGroup section */
		600887C42993BD87003C5CDD /* LaunchScreen.storyboard */ = {
			isa = PBXVariantGroup;
			children = (
				600887C52993BD87003C5CDD /* Base */,
			);
			name = LaunchScreen.storyboard;
			sourceTree = "<group>";
		};
/* End PBXVariantGroup section */

/* Begin XCBuildConfiguration section */
		600887C82993BD87003C5CDD /* Debug */ = {
			isa = XCBuildConfiguration;
			buildSettings = {
				ALWAYS_SEARCH_USER_PATHS = NO;
				CLANG_ANALYZER_NONNULL = YES;
				CLANG_ANALYZER_NUMBER_OBJECT_CONVERSION = YES_AGGRESSIVE;
				CLANG_CXX_LANGUAGE_STANDARD = "gnu++20";
				CLANG_ENABLE_MODULES = YES;
				CLANG_ENABLE_OBJC_ARC = YES;
				CLANG_ENABLE_OBJC_WEAK = YES;
				CLANG_WARN_BLOCK_CAPTURE_AUTORELEASING = YES;
				CLANG_WARN_BOOL_CONVERSION = YES;
				CLANG_WARN_COMMA = YES;
				CLANG_WARN_CONSTANT_CONVERSION = YES;
				CLANG_WARN_DEPRECATED_OBJC_IMPLEMENTATIONS = YES;
				CLANG_WARN_DIRECT_OBJC_ISA_USAGE = YES_ERROR;
				CLANG_WARN_DOCUMENTATION_COMMENTS = YES;
				CLANG_WARN_EMPTY_BODY = YES;
				CLANG_WARN_ENUM_CONVERSION = YES;
				CLANG_WARN_INFINITE_RECURSION = YES;
				CLANG_WARN_INT_CONVERSION = YES;
				CLANG_WARN_NON_LITERAL_NULL_CONVERSION = YES;
				CLANG_WARN_OBJC_IMPLICIT_RETAIN_SELF = YES;
				CLANG_WARN_OBJC_LITERAL_CONVERSION = YES;
				CLANG_WARN_OBJC_ROOT_CLASS = YES_ERROR;
				CLANG_WARN_QUOTED_INCLUDE_IN_FRAMEWORK_HEADER = YES;
				CLANG_WARN_RANGE_LOOP_ANALYSIS = YES;
				CLANG_WARN_STRICT_PROTOTYPES = YES;
				CLANG_WARN_SUSPICIOUS_MOVE = YES;
				CLANG_WARN_UNGUARDED_AVAILABILITY = YES_AGGRESSIVE;
				CLANG_WARN_UNREACHABLE_CODE = YES;
				CLANG_WARN__DUPLICATE_METHOD_MATCH = YES;
				COPY_PHASE_STRIP = NO;
				DEBUG_INFORMATION_FORMAT = dwarf;
				ENABLE_STRICT_OBJC_MSGSEND = YES;
				ENABLE_TESTABILITY = YES;
				GCC_C_LANGUAGE_STANDARD = gnu11;
				GCC_DYNAMIC_NO_PIC = NO;
				GCC_NO_COMMON_BLOCKS = YES;
				GCC_OPTIMIZATION_LEVEL = 0;
				GCC_PREPROCESSOR_DEFINITIONS = (
					"DEBUG=1",
					"$(inherited)",
				);
				GCC_WARN_64_TO_32_BIT_CONVERSION = YES;
				GCC_WARN_ABOUT_RETURN_TYPE = YES_ERROR;
				GCC_WARN_UNDECLARED_SELECTOR = YES;
				GCC_WARN_UNINITIALIZED_AUTOS = YES_AGGRESSIVE;
				GCC_WARN_UNUSED_FUNCTION = YES;
				GCC_WARN_UNUSED_VARIABLE = YES;
				IPHONEOS_DEPLOYMENT_TARGET = 16.2;
				MTL_ENABLE_DEBUG_INFO = INCLUDE_SOURCE;
				MTL_FAST_MATH = YES;
				ONLY_ACTIVE_ARCH = YES;
				SDKROOT = iphoneos;
				SWIFT_ACTIVE_COMPILATION_CONDITIONS = DEBUG;
				SWIFT_OPTIMIZATION_LEVEL = "-Onone";
			};
			name = Debug;
		};
		600887C92993BD87003C5CDD /* Release */ = {
			isa = XCBuildConfiguration;
			buildSettings = {
				ALWAYS_SEARCH_USER_PATHS = NO;
				CLANG_ANALYZER_NONNULL = YES;
				CLANG_ANALYZER_NUMBER_OBJECT_CONVERSION = YES_AGGRESSIVE;
				CLANG_CXX_LANGUAGE_STANDARD = "gnu++20";
				CLANG_ENABLE_MODULES = YES;
				CLANG_ENABLE_OBJC_ARC = YES;
				CLANG_ENABLE_OBJC_WEAK = YES;
				CLANG_WARN_BLOCK_CAPTURE_AUTORELEASING = YES;
				CLANG_WARN_BOOL_CONVERSION = YES;
				CLANG_WARN_COMMA = YES;
				CLANG_WARN_CONSTANT_CONVERSION = YES;
				CLANG_WARN_DEPRECATED_OBJC_IMPLEMENTATIONS = YES;
				CLANG_WARN_DIRECT_OBJC_ISA_USAGE = YES_ERROR;
				CLANG_WARN_DOCUMENTATION_COMMENTS = YES;
				CLANG_WARN_EMPTY_BODY = YES;
				CLANG_WARN_ENUM_CONVERSION = YES;
				CLANG_WARN_INFINITE_RECURSION = YES;
				CLANG_WARN_INT_CONVERSION = YES;
				CLANG_WARN_NON_LITERAL_NULL_CONVERSION = YES;
				CLANG_WARN_OBJC_IMPLICIT_RETAIN_SELF = YES;
				CLANG_WARN_OBJC_LITERAL_CONVERSION = YES;
				CLANG_WARN_OBJC_ROOT_CLASS = YES_ERROR;
				CLANG_WARN_QUOTED_INCLUDE_IN_FRAMEWORK_HEADER = YES;
				CLANG_WARN_RANGE_LOOP_ANALYSIS = YES;
				CLANG_WARN_STRICT_PROTOTYPES = YES;
				CLANG_WARN_SUSPICIOUS_MOVE = YES;
				CLANG_WARN_UNGUARDED_AVAILABILITY = YES_AGGRESSIVE;
				CLANG_WARN_UNREACHABLE_CODE = YES;
				CLANG_WARN__DUPLICATE_METHOD_MATCH = YES;
				COPY_PHASE_STRIP = NO;
				DEBUG_INFORMATION_FORMAT = "dwarf-with-dsym";
				ENABLE_NS_ASSERTIONS = NO;
				ENABLE_STRICT_OBJC_MSGSEND = YES;
				GCC_C_LANGUAGE_STANDARD = gnu11;
				GCC_NO_COMMON_BLOCKS = YES;
				GCC_WARN_64_TO_32_BIT_CONVERSION = YES;
				GCC_WARN_ABOUT_RETURN_TYPE = YES_ERROR;
				GCC_WARN_UNDECLARED_SELECTOR = YES;
				GCC_WARN_UNINITIALIZED_AUTOS = YES_AGGRESSIVE;
				GCC_WARN_UNUSED_FUNCTION = YES;
				GCC_WARN_UNUSED_VARIABLE = YES;
				IPHONEOS_DEPLOYMENT_TARGET = 16.2;
				MTL_ENABLE_DEBUG_INFO = NO;
				MTL_FAST_MATH = YES;
				SDKROOT = iphoneos;
				SWIFT_COMPILATION_MODE = wholemodule;
				SWIFT_OPTIMIZATION_LEVEL = "-O";
				VALIDATE_PRODUCT = YES;
			};
			name = Release;
		};
		600887CB2993BD87003C5CDD /* Debug */ = {
			isa = XCBuildConfiguration;
			buildSettings = {
				ASSETCATALOG_COMPILER_APPICON_NAME = AppIcon;
				ASSETCATALOG_COMPILER_GLOBAL_ACCENT_COLOR_NAME = AccentColor;
				CODE_SIGN_STYLE = Automatic;
				CURRENT_PROJECT_VERSION = 1;
				GENERATE_INFOPLIST_FILE = YES;
				INFOPLIST_FILE = Trending/Info.plist;
				INFOPLIST_KEY_UIApplicationSupportsIndirectInputEvents = YES;
				INFOPLIST_KEY_UILaunchStoryboardName = LaunchScreen;
				INFOPLIST_KEY_UISupportedInterfaceOrientations_iPad = "UIInterfaceOrientationPortrait UIInterfaceOrientationPortraitUpsideDown UIInterfaceOrientationLandscapeLeft UIInterfaceOrientationLandscapeRight";
				INFOPLIST_KEY_UISupportedInterfaceOrientations_iPhone = "UIInterfaceOrientationPortrait UIInterfaceOrientationLandscapeLeft UIInterfaceOrientationLandscapeRight";
				IPHONEOS_DEPLOYMENT_TARGET = 13.0;
				LD_RUNPATH_SEARCH_PATHS = (
					"$(inherited)",
					"@executable_path/Frameworks",
				);
				MARKETING_VERSION = 1.0;
				PRODUCT_BUNDLE_IDENTIFIER = NatiaLobzhanidze.Trending;
				PRODUCT_NAME = "$(TARGET_NAME)";
				SWIFT_EMIT_LOC_STRINGS = YES;
				SWIFT_VERSION = 5.0;
				TARGETED_DEVICE_FAMILY = "1,2";
			};
			name = Debug;
		};
		600887CC2993BD87003C5CDD /* Release */ = {
			isa = XCBuildConfiguration;
			buildSettings = {
				ASSETCATALOG_COMPILER_APPICON_NAME = AppIcon;
				ASSETCATALOG_COMPILER_GLOBAL_ACCENT_COLOR_NAME = AccentColor;
				CODE_SIGN_STYLE = Automatic;
				CURRENT_PROJECT_VERSION = 1;
				GENERATE_INFOPLIST_FILE = YES;
				INFOPLIST_FILE = Trending/Info.plist;
				INFOPLIST_KEY_UIApplicationSupportsIndirectInputEvents = YES;
				INFOPLIST_KEY_UILaunchStoryboardName = LaunchScreen;
				INFOPLIST_KEY_UISupportedInterfaceOrientations_iPad = "UIInterfaceOrientationPortrait UIInterfaceOrientationPortraitUpsideDown UIInterfaceOrientationLandscapeLeft UIInterfaceOrientationLandscapeRight";
				INFOPLIST_KEY_UISupportedInterfaceOrientations_iPhone = "UIInterfaceOrientationPortrait UIInterfaceOrientationLandscapeLeft UIInterfaceOrientationLandscapeRight";
				IPHONEOS_DEPLOYMENT_TARGET = 13.0;
				LD_RUNPATH_SEARCH_PATHS = (
					"$(inherited)",
					"@executable_path/Frameworks",
				);
				MARKETING_VERSION = 1.0;
				PRODUCT_BUNDLE_IDENTIFIER = NatiaLobzhanidze.Trending;
				PRODUCT_NAME = "$(TARGET_NAME)";
				SWIFT_EMIT_LOC_STRINGS = YES;
				SWIFT_VERSION = 5.0;
				TARGETED_DEVICE_FAMILY = "1,2";
			};
			name = Release;
		};
/* End XCBuildConfiguration section */

/* Begin XCConfigurationList section */
		600887B12993BD84003C5CDD /* Build configuration list for PBXProject "Trending" */ = {
			isa = XCConfigurationList;
			buildConfigurations = (
				600887C82993BD87003C5CDD /* Debug */,
				600887C92993BD87003C5CDD /* Release */,
			);
			defaultConfigurationIsVisible = 0;
			defaultConfigurationName = Release;
		};
		600887CA2993BD87003C5CDD /* Build configuration list for PBXNativeTarget "Trending" */ = {
			isa = XCConfigurationList;
			buildConfigurations = (
				600887CB2993BD87003C5CDD /* Debug */,
				600887CC2993BD87003C5CDD /* Release */,
			);
			defaultConfigurationIsVisible = 0;
			defaultConfigurationName = Release;
		};
/* End XCConfigurationList section */

/* Begin XCRemoteSwiftPackageReference section */
		604A78FA2995457E006E3053 /* XCRemoteSwiftPackageReference "SkeletonView" */ = {
			isa = XCRemoteSwiftPackageReference;
			repositoryURL = "https://github.com/Juanpe/SkeletonView.git";
			requirement = {
				kind = upToNextMajorVersion;
				minimumVersion = 1.0.0;
			};
		};
/* End XCRemoteSwiftPackageReference section */

/* Begin XCSwiftPackageProductDependency section */
		604A78FB2995457E006E3053 /* SkeletonView */ = {
			isa = XCSwiftPackageProductDependency;
			package = 604A78FA2995457E006E3053 /* XCRemoteSwiftPackageReference "SkeletonView" */;
			productName = SkeletonView;
		};
/* End XCSwiftPackageProductDependency section */
	};
	rootObject = 600887AE2993BD84003C5CDD /* Project object */;
}
